
Microsoft Visual Studio Solution File, Format Version 12.00
# Visual Studio Version 17
VisualStudioVersion = 17.0.31903.59
MinimumVisualStudioVersion = 10.0.40219.1
Project("{FAE04EC0-301F-11D3-BF4B-00C04F79EFBC}") = "GeometryConsole", "GeometryConsole\GeometryConsole.csproj", "{65594E1D-F259-4001-ABF3-7820C1CCA799}"
EndProject
Project("{FAE04EC0-301F-11D3-BF4B-00C04F79EFBC}") = "Geometry.Library", "Geometry.Library\Geometry.Library.csproj", "{956A9034-DDF6-4F22-9C22-FF3D7D600DB0}"
EndProject
Project("{FAE04EC0-301F-11D3-BF4B-00C04F79EFBC}") = "Geometry.Test", "Geometry.Test\Geometry.Test.csproj", "{3C11E9BE-88AE-4637-8355-7830E1D0A2F8}"
EndProject
Global
	GlobalSection(SolutionConfigurationPlatforms) = preSolution
		Debug|Any CPU = Debug|Any CPU
		Release|Any CPU = Release|Any CPU
	EndGlobalSection
	GlobalSection(SolutionProperties) = preSolution
		HideSolutionNode = FALSE
	EndGlobalSection
	GlobalSection(ProjectConfigurationPlatforms) = postSolution
		{65594E1D-F259-4001-ABF3-7820C1CCA799}.Debug|Any CPU.ActiveCfg = Debug|Any CPU
		{65594E1D-F259-4001-ABF3-7820C1CCA799}.Debug|Any CPU.Build.0 = Debug|Any CPU
		{65594E1D-F259-4001-ABF3-7820C1CCA799}.Release|Any CPU.ActiveCfg = Release|Any CPU
		{65594E1D-F259-4001-ABF3-7820C1CCA799}.Release|Any CPU.Build.0 = Release|Any CPU
		{956A9034-DDF6-4F22-9C22-FF3D7D600DB0}.Debug|Any CPU.ActiveCfg = Debug|Any CPU
		{956A9034-DDF6-4F22-9C22-FF3D7D600DB0}.Debug|Any CPU.Build.0 = Debug|Any CPU
		{956A9034-DDF6-4F22-9C22-FF3D7D600DB0}.Release|Any CPU.ActiveCfg = Release|Any CPU
		{956A9034-DDF6-4F22-9C22-FF3D7D600DB0}.Release|Any CPU.Build.0 = Release|Any CPU
		{3C11E9BE-88AE-4637-8355-7830E1D0A2F8}.Debug|Any CPU.ActiveCfg = Debug|Any CPU
		{3C11E9BE-88AE-4637-8355-7830E1D0A2F8}.Debug|Any CPU.Build.0 = Debug|Any CPU
		{3C11E9BE-88AE-4637-8355-7830E1D0A2F8}.Release|Any CPU.ActiveCfg = Release|Any CPU
		{3C11E9BE-88AE-4637-8355-7830E1D0A2F8}.Release|Any CPU.Build.0 = Release|Any CPU
	EndGlobalSection
EndGlobal
